
Microsoft Visual Studio Solution File, Format Version 12.00
# Visual Studio Version 17
VisualStudioVersion = 17.4.32804.182
MinimumVisualStudioVersion = 10.0.40219.1
Project("{FAE04EC0-301F-11D3-BF4B-00C04F79EFBC}") = "MongoDBToRemoteNetwork", "MongoDBToRemoteNetwork\MongoDBToRemoteNetwork.csproj", "{141E0487-D62C-473C-9B54-D157128898AA}"
EndProject
Global
	GlobalSection(SolutionConfigurationPlatforms) = preSolution
		Debug|Any CPU = Debug|Any CPU
		Release|Any CPU = Release|Any CPU
	EndGlobalSection
	GlobalSection(ProjectConfigurationPlatforms) = postSolution
		{141E0487-D62C-473C-9B54-D157128898AA}.Debug|Any CPU.ActiveCfg = Debug|Any CPU
		{141E0487-D62C-473C-9B54-D157128898AA}.Debug|Any CPU.Build.0 = Debug|Any CPU
		{141E0487-D62C-473C-9B54-D157128898AA}.Release|Any CPU.ActiveCfg = Release|Any CPU
		{141E0487-D62C-473C-9B54-D157128898AA}.Release|Any CPU.Build.0 = Release|Any CPU
	EndGlobalSection
	GlobalSection(SolutionProperties) = preSolution
		HideSolutionNode = FALSE
	EndGlobalSection
	GlobalSection(ExtensibilityGlobals) = postSolution
		SolutionGuid = {FF7090EC-7884-40E8-867B-C4C0E3EF71BD}
	EndGlobalSection
EndGlobal
